<?xml version="1.0" encoding="UTF-8" standalone="yes" ?>
<CodeBlocks_project_file>
	<FileVersion major="1" minor="6" />
	<Project>
		<Option title="UR24B" />
		<Option platforms="Unix;" />
		<Option pch_mode="2" />
		<Option compiler="gfortran" />
		<MakeCommands>
			<Build command="" />
			<CompileFile command="" />
			<Clean command="" />
			<DistClean command="" />
			<AskRebuildNeeded command="" />
			<SilentBuild command=" &gt; $(CMD_NULL)" />
		</MakeCommands>
		<Build>
			<Target title="Debug_win">
				<Option platforms="Unix;" />
				<Option output="UncertRadio_win_Debug" prefix_auto="1" extension_auto="1" />
				<Option object_output="build/obj/win/Debug/" />
				<Option type="1" />
				<Option compiler="mingw_gnu_fortran_compiler" />
				<Compiler>
					<Add option="-ffast-math" />
					<Add option="-ffree-line-length-none" />
					<Add option="-ffree-form" />
					<Add option="-Wrealloc-lhs" />
					<Add option="-Warray-temporaries" />
					<Add option="-W" />
					<Add option="-fcheck=bounds" />
					<Add option="-fcheck=all" />
					<Add option="-fbacktrace" />
					<Add option="-Waliasing" />
					<Add option="-Wsurprising" />
					<Add option="-finit-local-zero" />
					<Add option="-fcheck=recursion" />
					<Add option="`pkg-config --cflags fgsl plplot gtk+-3.0`" />
				</Compiler>
				<Linker>
					<Add option="`pkg-config --libs fgsl plplot gtk+-3.0`" />
				</Linker>
			</Target>
			<Target title="Debug_unix">
				<Option platforms="Unix;" />
				<Option output="UncertRadio_unix_Debug" prefix_auto="1" extension_auto="1" />
				<Option object_output="build/obj/unix/Debug/" />
				<Option type="1" />
				<Option compiler="gfortran" />
				<Compiler>
					<Add option="-ffast-math" />
					<Add option="-ffree-line-length-none" />
					<Add option="-ffree-form" />
					<Add option="-Wrealloc-lhs" />
					<Add option="-Warray-temporaries" />
					<Add option="-W" />
					<Add option="-Wextra" />
					<Add option="-Wall" />
					<Add option="-fcheck=bounds" />
					<Add option="-fcheck=all" />
					<Add option="-g" />
					<Add option="-fbacktrace" />
					<Add option="-Waliasing" />
					<Add option="-Wsurprising" />
					<Add option="-finit-local-zero" />
					<Add option="-fcheck=recursion" />
					<Add option="`pkg-config --cflags fgsl plplot gtk+-3.0`" />
				</Compiler>
				<Linker>
					<Add option="`pkg-config --libs fgsl plplot gtk+-3.0`" />
				</Linker>
			</Target>
			<Target title="Release_unix">
				<Option platforms="Unix;" />
				<Option output="UncertRadio_unix_Release" prefix_auto="1" extension_auto="1" />
				<Option object_output="build/obj/unix/Release/" />
				<Option type="1" />
				<Option compiler="gfortran" />
				<Option use_console_runner="0" />
				<Compiler>
					<Add option="-ffast-math" />
					<Add option="-flto" />
					<Add option="-ffree-line-length-none" />
					<Add option="-ffree-form" />
					<Add option="-fbacktrace" />
					<Add option="-Waliasing" />
					<Add option="-Wsurprising" />
					<Add option="-finit-local-zero" />
					<Add option="`pkg-config --cflags fgsl plplot gtk+-3.0`" />
				</Compiler>
				<Linker>
					<Add option="-O3" />
					<Add option="-flto" />
					<Add option="-s" />
					<Add option="`pkg-config --libs fgsl plplot gtk+-3.0`" />
					<Add directory="build/obj/unix/Release/" />
				</Linker>
			</Target>
		</Build>
		<Unit filename="SRC/Batch_proc.f90">
			<Option weight="18" />
		</Unit>
		<Unit filename="SRC/Batest.F90">
			<Option weight="10" />
		</Unit>
		<Unit filename="SRC/CHGM_AMiller.F90">
			<Option weight="5" />
		</Unit>
		<Unit filename="SRC/CalcUnits.f90">
			<Option weight="10" />
		</Unit>
		<Unit filename="SRC/CharFuncts.f90">
			<Option weight="5" />
		</Unit>
		<Unit filename="SRC/ConfEllipse.f90">
			<Option weight="10" />
		</Unit>
		<Unit filename="SRC/CurvePlot.f90">
			<Option weight="12" />
		</Unit>
		<Unit filename="SRC/DATDIF.f90">
			<Option weight="5" />
		</Unit>
		<Unit filename="SRC/DisplayHelp.f90">
			<Option weight="9" />
		</Unit>
		<Unit filename="SRC/EvalGerror.f90">
			<Option weight="6" />
		</Unit>
		<Unit filename="SRC/Eval_simple.f90">
			<Option weight="6" />
		</Unit>
		<Unit filename="SRC/FindCovx.f90">
			<Option weight="6" />
		</Unit>
		<Unit filename="SRC/FindSymb.f90">
			<Option weight="5" />
		</Unit>
		<Unit filename="SRC/InitTreeViews.f90">
			<Option weight="12" />
		</Unit>
		<Unit filename="SRC/Kalfit1.f90">
			<Option weight="9" />
		</Unit>
		<Unit filename="SRC/Kalfit1_submod.f90">
			<Option weight="10" />
		</Unit>
		<Unit filename="SRC/Linf.F90">
			<Option weight="11" />
		</Unit>
		<Unit filename="SRC/Linfg1.F90">
			<Option weight="10" />
		</Unit>
		<Unit filename="SRC/Linmod1.F90">
			<Option weight="15" />
		</Unit>
		<Unit filename="SRC/Loadsel_diag_new.f90">
			<Option weight="14" />
		</Unit>
		<Unit filename="SRC/LsqlinCov2.f90">
			<Option weight="10" />
		</Unit>
		<Unit filename="SRC/LsqlinCov2_submod.f90">
			<Option weight="11" />
		</Unit>
		<Unit filename="SRC/MCCalc.F90">
			<Option weight="17" />
		</Unit>
		<Unit filename="SRC/MCPrepCovars.f90">
			<Option weight="6" />
		</Unit>
		<Unit filename="SRC/MCsingRun.f90">
			<Option weight="16" />
		</Unit>
		<Unit filename="SRC/MCsubs.f90">
			<Option weight="9" />
		</Unit>
		<Unit filename="SRC/MCtables.f90">
			<Option weight="5" />
		</Unit>
		<Unit filename="SRC/MichelPlot.f90">
			<Option weight="9" />
		</Unit>
		<Unit filename="SRC/Module_GSL.f90">
			<Option weight="0" />
		</Unit>
		<Unit filename="SRC/Modvar.f90">
			<Option weight="14" />
		</Unit>
		<Unit filename="SRC/Num1.f90">
			<Option weight="5" />
		</Unit>
		<Unit filename="SRC/Num1_submod.f90">
			<Option weight="10" />
		</Unit>
		<Unit filename="SRC/PDfunctions.f90">
			<Option weight="6" />
		</Unit>
		<Unit filename="SRC/PrepReport.f90">
			<Option weight="16" />
		</Unit>
		<Unit filename="SRC/ProRead.f90">
			<Option weight="17" />
		</Unit>
		<Unit filename="SRC/ProRead_CSV.F90">
			<Option weight="16" />
		</Unit>
		<Unit filename="SRC/ProSave.f90">
			<Option weight="17" />
		</Unit>
		<Unit filename="SRC/ProSave_CSV.F90">
			<Option weight="16" />
		</Unit>
		<Unit filename="SRC/ProcMenu.f90">
			<Option weight="18" />
		</Unit>
		<Unit filename="SRC/ProcessLoadPro_new.f90">
			<Option weight="18" />
		</Unit>
		<Unit filename="SRC/RdSubs.f90">
			<Option weight="15" />
		</Unit>
		<Unit filename="SRC/Read_Gleich.f90">
			<Option weight="0" />
		</Unit>
		<Unit filename="SRC/Read_Gleich_submod.f90">
			<Option weight="15" />
		</Unit>
		<Unit filename="SRC/Rechw1.f90">
			<Option weight="5" />
		</Unit>
		<Unit filename="SRC/Rechw1_submod.f90">
			<Option weight="15" />
		</Unit>
		<Unit filename="SRC/Rechw2.f90">
			<Option weight="5" />
		</Unit>
		<Unit filename="SRC/Rechw2_submod.f90">
			<Option weight="14" />
		</Unit>
		<Unit filename="SRC/RootfindBS.f90">
			<Option weight="17" />
		</Unit>
		<Unit filename="SRC/SetSimul_rout.f90">
			<Option weight="18" />
		</Unit>
		<Unit filename="SRC/SumEval1.f90">
			<Option weight="14" />
		</Unit>
		<Unit filename="SRC/Symbol1.f90">
			<Option weight="5" />
		</Unit>
		<Unit filename="SRC/Symbol1_submod.f90">
			<Option weight="12" />
		</Unit>
		<Unit filename="SRC/Top.f90">
			<Option weight="5" />
		</Unit>
		<Unit filename="SRC/Top_submod.f90">
			<Option weight="6" />
		</Unit>
		<Unit filename="SRC/TopoEqs.f90">
			<Option weight="6" />
		</Unit>
		<Unit filename="SRC/TranslateUR.f90">
			<Option weight="9" />
		</Unit>
		<Unit filename="SRC/URGladesys.f90">
			<Option weight="7" />
		</Unit>
		<Unit filename="SRC/UR_Randoms.f90">
			<Option weight="7" />
		</Unit>
		<Unit filename="SRC/UR_Winmod.f90">
			<Option weight="3" />
		</Unit>
		<Unit filename="SRC/UR_gtk-routines.f90">
			<Option weight="8" />
		</Unit>
		<Unit filename="SRC/UR_interfaces.f90">
			<Option weight="6" />
		</Unit>
		<Unit filename="SRC/UR_modules_chardeferred.F90">
			<Option weight="4" />
		</Unit>
		<Unit filename="SRC/UncW_Init.F90">
			<Option weight="10" />
		</Unit>
		<Unit filename="SRC/UncwB.f90">
			<Option weight="13" />
		</Unit>
		<Unit filename="SRC/Uncw_sub3.f90">
			<Option weight="9" />
		</Unit>
		<Unit filename="SRC/WDListstoreFill_table.f90">
			<Option weight="12" />
		</Unit>
		<Unit filename="SRC/WTLS_UR.f90">
			<Option weight="10" />
		</Unit>
		<Unit filename="SRC/auxdrg.f90">
			<Option weight="5" />
		</Unit>
		<Unit filename="SRC/brentX.f90">
			<Option weight="14" />
		</Unit>
		<Unit filename="SRC/constants_nswc.f90">
			<Option weight="5" />
		</Unit>
		<Unit filename="SRC/fparserW.f90">
			<Option weight="9" />
		</Unit>
		<Unit filename="SRC/gui_UR_functions.f90">
			<Option weight="11" />
		</Unit>
		<Unit filename="SRC/gui_UR_main.f90">
			<Option weight="12" />
		</Unit>
		<Unit filename="SRC/mtx_rout.f90">
			<Option weight="5" />
		</Unit>
		<Unit filename="SRC/mtx_rout_submod.f90">
			<Option weight="6" />
		</Unit>
		<Unit filename="SRC/plot3fig.f90">
			<Option weight="6" />
		</Unit>
		<Unit filename="SRC/procmaindiag.f90">
			<Option weight="0" />
		</Unit>
		<Unit filename="SRC/procmaindiag_submod.f90">
			<Option weight="15" />
		</Unit>
		<Unit filename="SRC/save.f90">
			<Option weight="18" />
		</Unit>
		<Unit filename="SRC/testP2G.f90">
			<Option weight="8" />
		</Unit>
		<Unit filename="gtk_src/cairo-auto.f90">
			<Option weight="0" />
		</Unit>
		<Unit filename="gtk_src/gdk-auto.f90">
			<Option weight="0" />
		</Unit>
		<Unit filename="gtk_src/gdk-pixbuf-auto.f90">
			<Option weight="0" />
		</Unit>
		<Unit filename="gtk_src/gdk-pixbuf-hl.f90">
			<Option weight="3" />
		</Unit>
		<Unit filename="gtk_src/gdkevents-auto.f90">
			<Option weight="0" />
		</Unit>
		<Unit filename="gtk_src/glib-auto.f90">
			<Option weight="0" />
		</Unit>
		<Unit filename="gtk_src/gtk-auto.f90">
			<Option compile="0" />
			<Option link="0" />
			<Option weight="0" />
		</Unit>
		<Unit filename="gtk_src/gtk-draw-hl.f90">
			<Option weight="3" />
		</Unit>
		<Unit filename="gtk_src/gtk-hl-accelerator.f90">
			<Option weight="2" />
		</Unit>
		<Unit filename="gtk_src/gtk-hl-assistant.f90">
			<Option weight="2" />
		</Unit>
		<Unit filename="gtk_src/gtk-hl-button.f90">
			<Option weight="4" />
		</Unit>
		<Unit filename="gtk_src/gtk-hl-chooser.f90">
			<Option weight="6" />
		</Unit>
		<Unit filename="gtk_src/gtk-hl-combobox.f90">
			<Option weight="3" />
		</Unit>
		<Unit filename="gtk_src/gtk-hl-container.f90">
			<Option weight="3" />
		</Unit>
		<Unit filename="gtk_src/gtk-hl-dialog.f90">
			<Option weight="5" />
		</Unit>
		<Unit filename="gtk_src/gtk-hl-entry.f90">
			<Option weight="3" />
		</Unit>
		<Unit filename="gtk_src/gtk-hl-infobar.f90">
			<Option weight="3" />
		</Unit>
		<Unit filename="gtk_src/gtk-hl-menu.f90">
			<Option weight="4" />
		</Unit>
		<Unit filename="gtk_src/gtk-hl-misc.f90">
			<Option weight="3" />
		</Unit>
		<Unit filename="gtk_src/gtk-hl-progress.f90">
			<Option weight="3" />
		</Unit>
		<Unit filename="gtk_src/gtk-hl-spin-slider.f90">
			<Option weight="3" />
		</Unit>
		<Unit filename="gtk_src/gtk-hl-tree.f90">
			<Option weight="5" />
		</Unit>
		<Unit filename="gtk_src/gtk-hl.f90">
			<Option weight="7" />
		</Unit>
		<Unit filename="gtk_src/gtk-sup.f90">
			<Option weight="2" />
		</Unit>
		<Unit filename="gtk_src/gtk.f90">
			<Option weight="1" />
		</Unit>
		<Unit filename="gtk_src/gtkenums-auto.f90">
			<Option compile="0" />
			<Option link="0" />
			<Option weight="0" />
		</Unit>
		<Unit filename="gtk_src/mswindowsonly-auto.f90">
			<Option weight="0" />
			<Option target="Debug_win" />
		</Unit>
		<Unit filename="gtk_src/pango-auto.f90">
			<Option weight="0" />
		</Unit>
		<Unit filename="gtk_src/unixonly-auto.f90">
			<Option weight="0" />
			<Option target="Debug_unix" />
			<Option target="Release_unix" />
		</Unit>
		<Unit filename="plplot-5.15.0/included_plplot_real_interfaces.f90">
			<Option compile="0" />
			<Option link="0" />
			<Option weight="0" />
		</Unit>
		<Unit filename="plplot-5.15.0/plfortrandemolib.f90">
			<Option weight="3" />
		</Unit>
		<Unit filename="plplot-5.15.0/plplot.f90">
			<Option weight="2" />
		</Unit>
		<Unit filename="plplot-5.15.0/plplot_double.f90">
			<Option weight="1" />
		</Unit>
		<Unit filename="plplot-5.15.0/plplot_extra.f90">
			<Option weight="0" />
		</Unit>
		<Unit filename="plplot-5.15.0/plplot_single.f90">
			<Option weight="1" />
		</Unit>
		<Unit filename="plplot-5.15.0/plplot_small_modules.f90">
			<Option weight="0" />
		</Unit>
		<Extensions>
			<envvars set="ur2" />
			<lib_finder disable_auto="1">
				<lib name="gtk+-3.0" />
				<lib name="adwaita-icon-theme" />
				<lib name="fgsl" />
				<lib name="plplot" />
			</lib_finder>
			<wxsmith version="1">
				<gui name="wxWidgets" src="" main="" init_handlers="necessary" language="CPP" />
				<resources>
					<wxDialog wxs="wxsmith/NewDialog.wxs" src="NewDialog.cpp" hdr="NewDialog.h" fwddecl="0" i18n="1" name="NewDialog" language="CPP" />
				</resources>
			</wxsmith>
		</Extensions>
	</Project>
</CodeBlocks_project_file>
